
Microsoft Visual Studio Solution File, Format Version 12.00
# Visual Studio Version 16
VisualStudioVersion = 16.0.30330.147
MinimumVisualStudioVersion = 10.0.40219.1
Project("{FAE04EC0-301F-11D3-BF4B-00C04F79EFBC}") = "Tutorial1", "Tutorial1.csproj", "{882A1148-9F80-4B4D-9470-DCFB97AD9BCA}"
EndProject
Global
	GlobalSection(SolutionConfigurationPlatforms) = preSolution
		Debug|Any CPU = Debug|Any CPU
		Release|Any CPU = Release|Any CPU
	EndGlobalSection
	GlobalSection(ProjectConfigurationPlatforms) = postSolution
		{882A1148-9F80-4B4D-9470-DCFB97AD9BCA}.Debug|Any CPU.ActiveCfg = Debug|Any CPU
		{882A1148-9F80-4B4D-9470-DCFB97AD9BCA}.Debug|Any CPU.Build.0 = Debug|Any CPU
		{882A1148-9F80-4B4D-9470-DCFB97AD9BCA}.Release|Any CPU.ActiveCfg = Release|Any CPU
		{882A1148-9F80-4B4D-9470-DCFB97AD9BCA}.Release|Any CPU.Build.0 = Release|Any CPU
	EndGlobalSection
	GlobalSection(SolutionProperties) = preSolution
		HideSolutionNode = FALSE
	EndGlobalSection
	GlobalSection(ExtensibilityGlobals) = postSolution
		SolutionGuid = {00B9004C-D2BB-49D1-ACB4-1A523868FD33}
	EndGlobalSection
EndGlobal
